
Microsoft Visual Studio Solution File, Format Version 12.00
# Visual Studio 14
VisualStudioVersion = 14.0.25123.0
MinimumVisualStudioVersion = 10.0.40219.1
Project("{FAE04EC0-301F-11D3-BF4B-00C04F79EFBC}") = "Extensions.Samples", "Extensions\Extensions.Samples.csproj", "{011F75BD-942A-4373-A309-AAE005411C3A}"
EndProject
Project("{2150E333-8FDC-42A3-9474-1A3956D46DE8}") = "Tests", "Tests", "{9533804E-AFC2-4876-9F45-1E0A53C1C412}"
EndProject
Project("{FAE04EC0-301F-11D3-BF4B-00C04F79EFBC}") = "Extensions.Tests", "Extensions.Tests\Extensions.Tests.csproj", "{8DEB5D05-7686-4BCF-9AD4-4C0926678CE3}"
EndProject
Global
	GlobalSection(SolutionConfigurationPlatforms) = preSolution
		Debug|Any CPU = Debug|Any CPU
		Release|Any CPU = Release|Any CPU
	EndGlobalSection
	GlobalSection(ProjectConfigurationPlatforms) = postSolution
		{011F75BD-942A-4373-A309-AAE005411C3A}.Debug|Any CPU.ActiveCfg = Debug|Any CPU
		{011F75BD-942A-4373-A309-AAE005411C3A}.Debug|Any CPU.Build.0 = Debug|Any CPU
		{011F75BD-942A-4373-A309-AAE005411C3A}.Release|Any CPU.ActiveCfg = Release|Any CPU
		{011F75BD-942A-4373-A309-AAE005411C3A}.Release|Any CPU.Build.0 = Release|Any CPU
		{8DEB5D05-7686-4BCF-9AD4-4C0926678CE3}.Debug|Any CPU.ActiveCfg = Debug|Any CPU
		{8DEB5D05-7686-4BCF-9AD4-4C0926678CE3}.Debug|Any CPU.Build.0 = Debug|Any CPU
		{8DEB5D05-7686-4BCF-9AD4-4C0926678CE3}.Release|Any CPU.ActiveCfg = Release|Any CPU
		{8DEB5D05-7686-4BCF-9AD4-4C0926678CE3}.Release|Any CPU.Build.0 = Release|Any CPU
	EndGlobalSection
	GlobalSection(SolutionProperties) = preSolution
		HideSolutionNode = FALSE
	EndGlobalSection
	GlobalSection(NestedProjects) = preSolution
		{8DEB5D05-7686-4BCF-9AD4-4C0926678CE3} = {9533804E-AFC2-4876-9F45-1E0A53C1C412}
	EndGlobalSection
EndGlobal
